
Microsoft Visual Studio Solution File, Format Version 12.00
# Visual Studio Version 18
VisualStudioVersion = 18.5.11723.231 stable
MinimumVisualStudioVersion = 10.0.40219.1
Project("{FAE04EC0-301F-11D3-BF4B-00C04F79EFBC}") = "NYAT_1", "NYAT_1\NYAT_1.csproj", "{3ABC4A7B-DEC8-4336-8799-96D5FB0DD63E}"
EndProject
Project("{FAE04EC0-301F-11D3-BF4B-00C04F79EFBC}") = "NYAT.Tests", "NYAT.Tests\NYAT.Tests.csproj", "{BAB9B541-BB8F-4505-94A7-926273589328}"
EndProject
Global
	GlobalSection(SolutionConfigurationPlatforms) = preSolution
		Debug|Any CPU = Debug|Any CPU
		Release|Any CPU = Release|Any CPU
	EndGlobalSection
	GlobalSection(ProjectConfigurationPlatforms) = postSolution
		{3ABC4A7B-DEC8-4336-8799-96D5FB0DD63E}.Debug|Any CPU.ActiveCfg = Debug|Any CPU
		{3ABC4A7B-DEC8-4336-8799-96D5FB0DD63E}.Debug|Any CPU.Build.0 = Debug|Any CPU
		{3ABC4A7B-DEC8-4336-8799-96D5FB0DD63E}.Release|Any CPU.ActiveCfg = Release|Any CPU
		{3ABC4A7B-DEC8-4336-8799-96D5FB0DD63E}.Release|Any CPU.Build.0 = Release|Any CPU
		{BAB9B541-BB8F-4505-94A7-926273589328}.Debug|Any CPU.ActiveCfg = Debug|Any CPU
		{BAB9B541-BB8F-4505-94A7-926273589328}.Debug|Any CPU.Build.0 = Debug|Any CPU
		{BAB9B541-BB8F-4505-94A7-926273589328}.Release|Any CPU.ActiveCfg = Release|Any CPU
		{BAB9B541-BB8F-4505-94A7-926273589328}.Release|Any CPU.Build.0 = Release|Any CPU
	EndGlobalSection
	GlobalSection(SolutionProperties) = preSolution
		HideSolutionNode = FALSE
	EndGlobalSection
	GlobalSection(ExtensibilityGlobals) = postSolution
		SolutionGuid = {3D4EB869-7230-4138-A111-1637D5BCA5FC}
	EndGlobalSection
EndGlobal
